
Microsoft Visual Studio Solution File, Format Version 12.00
# Visual Studio Version 17
VisualStudioVersion = 17.3.32819.101
MinimumVisualStudioVersion = 10.0.40219.1
Project("{FAE04EC0-301F-11D3-BF4B-00C04F79EFBC}") = "todolist2", "todolist2\todolist2.csproj", "{A1868C53-4CD0-42D0-8840-D955012289C0}"
EndProject
Global
	GlobalSection(SolutionConfigurationPlatforms) = preSolution
		Debug|Any CPU = Debug|Any CPU
		Release|Any CPU = Release|Any CPU
	EndGlobalSection
	GlobalSection(ProjectConfigurationPlatforms) = postSolution
		{A1868C53-4CD0-42D0-8840-D955012289C0}.Debug|Any CPU.ActiveCfg = Debug|Any CPU
		{A1868C53-4CD0-42D0-8840-D955012289C0}.Debug|Any CPU.Build.0 = Debug|Any CPU
		{A1868C53-4CD0-42D0-8840-D955012289C0}.Release|Any CPU.ActiveCfg = Release|Any CPU
		{A1868C53-4CD0-42D0-8840-D955012289C0}.Release|Any CPU.Build.0 = Release|Any CPU
	EndGlobalSection
	GlobalSection(SolutionProperties) = preSolution
		HideSolutionNode = FALSE
	EndGlobalSection
	GlobalSection(ExtensibilityGlobals) = postSolution
		SolutionGuid = {D4C9AA27-14F4-4DE9-9EC1-D8B3A72FC685}
	EndGlobalSection
EndGlobal
